schema: '2.0'
stages:
  extract_frames:
    cmd: python airflow/scripts/extract_frames.py --fps 2
    deps:
    - path: airflow/scripts/extract_frames.py
      hash: md5
      md5: b0f5bac5bfd777c4b766aa4560d93aee
      size: 8622
    - path: data/raw/
      hash: md5
      md5: da2eca8ed6d82cfc72e9793079c00b73.dir
      size: 15585002944
      nfiles: 24
    params:
      params.yaml:
        frame_extraction.fps: 2
        frame_extraction.output_dir: data/frames
    outs:
    - path: data/frames/
      hash: md5
      md5: c0d8913ad177c9d1fe80b68bdb75d90b.dir
      size: 5514516050
      nfiles: 28842
    - path: reports/extraction_summary.json
      hash: md5
      md5: c21a866d38639b539e0b75157a560d43
      size: 5200
  extract_landmarks:
    cmd: python airflow/scripts/extract_landmarks.py
    deps:
    - path: airflow/scripts/extract_landmarks.py
      hash: md5
      md5: 9d8b638efb5df455a6c5affee853611e
      size: 10127
    - path: data/frames/
      hash: md5
      md5: c0d8913ad177c9d1fe80b68bdb75d90b.dir
      size: 5514516050
      nfiles: 28842
    params:
      params.yaml:
        mediapipe.min_detection_confidence: 0.5
        mediapipe.min_tracking_confidence: 0.5
    outs:
    - path: data/landmarks/landmarks.csv
      hash: md5
      md5: 737341634ce430f35c166aaff8ed76d2
      size: 776211816
    - path: reports/landmark_summary.json
      hash: md5
      md5: df8371f203400d291045118d294743c5
      size: 408
  feature_engineering:
    cmd: python airflow/scripts/feature_engineering.py --window-size 2
    deps:
    - path: airflow/scripts/feature_engineering.py
      hash: md5
      md5: 06fc38d3baf662892239d2804e9624b8
      size: 19207
    - path: data/landmarks/landmarks.csv
      hash: md5
      md5: 737341634ce430f35c166aaff8ed76d2
      size: 776211816
    params:
      params.yaml:
        features.ear_threshold: 0.25
        features.mar_threshold: 0.6
        features.sliding_window_size: 2
    outs:
    - path: data/features/baseline.json
      hash: md5
      md5: a5b2028d14264d2cb7c9fe9bd9be5b9e
      size: 9533
    - path: data/features/features.csv
      hash: md5
      md5: ac7a25cc82a297983b87e3b011141a48
      size: 3284077
    - path: reports/feature_engineering_summary.json
      hash: md5
      md5: 319014eaef9de6be887c640d03cc4864
      size: 362
  split_data:
    cmd: python airflow/scripts/split_data.py
    deps:
    - path: airflow/scripts/split_data.py
      hash: md5
      md5: 2e2c2a1ef12bdedf2cb1b9e4ffe8aac7
      size: 3455
    - path: data/features/features.csv
      hash: md5
      md5: ac7a25cc82a297983b87e3b011141a48
      size: 3284077
    params:
      params.yaml:
        split.random_state: 42
        split.test_size: 0.2
    outs:
    - path: data/processed/test.csv
      hash: md5
      md5: da2fff2261c3835998ddee9330ba0539
      size: 613397
    - path: data/processed/train.csv
      hash: md5
      md5: 8926cd90fbaaacf7922cc8d86fe5197d
      size: 2457023
    - path: reports/split_summary.json
      hash: md5
      md5: cd72303634d931818c141f5c234bde2c
      size: 237
  train_xgboost:
    cmd: python model_server/train_xgboost.py
    deps:
    - path: data/processed/train.csv
      hash: md5
      md5: 8926cd90fbaaacf7922cc8d86fe5197d
      size: 2457023
    - path: model_server/train_xgboost.py
      hash: md5
      md5: 5a483a23ce6d8908732b08cfb9306d42
      size: 17802
    params:
      params.yaml:
        xgboost.colsample_bytree: 0.8
        xgboost.learning_rate: 0.1
        xgboost.max_depth: 6
        xgboost.n_estimators: 200
        xgboost.subsample: 0.8
    outs:
    - path: models/xgboost_model.pkl
      hash: md5
      md5: 5ca4a64a92d7695cd5f33a1c70b17f30
      size: 733780
    - path: reports/confusion_matrix_xgb.png
      hash: md5
      md5: c8a1e29940c6bac88482aa98f86f7ee3
      size: 38086
    - path: reports/feature_importance_xgb.png
      hash: md5
      md5: 6a5d6541d9cd73f807060f9f98566749
      size: 54745
    - path: reports/xgboost_metrics.json
      hash: md5
      md5: 5c5fc575ae6c8d0a7312fce14283e93d
      size: 435
  train_svm:
    cmd: python model_server/train_svm.py
    deps:
    - path: data/processed/train.csv
      hash: md5
      md5: 8926cd90fbaaacf7922cc8d86fe5197d
      size: 2457023
    - path: model_server/train_svm.py
      hash: md5
      md5: 2184457ffbc44faaf127a651079363ae
      size: 13143
    params:
      params.yaml:
        svm.C: 1.0
        svm.gamma: scale
        svm.kernel: rbf
    outs:
    - path: models/svm_model.pkl
      hash: md5
      md5: 95eae528331609ed86553ec44e8056d8
      size: 955081
    - path: reports/confusion_matrix_svm.png
      hash: md5
      md5: aa3fd32d09caa6940d94d424d672b9f4
      size: 40166
    - path: reports/svm_metrics.json
      hash: md5
      md5: 6287d44d5fd18475e90f2cfe5a6bea77
      size: 431
  evaluate:
    cmd: python model_server/evaluate.py
    deps:
    - path: data/processed/test.csv
      hash: md5
      md5: da2fff2261c3835998ddee9330ba0539
      size: 613397
    - path: model_server/evaluate.py
      hash: md5
      md5: bdff0821dacff2c53a04bb5434ec9cf7
      size: 15887
    - path: models/svm_model.pkl
      hash: md5
      md5: 95eae528331609ed86553ec44e8056d8
      size: 955081
    - path: models/xgboost_model.pkl
      hash: md5
      md5: 5ca4a64a92d7695cd5f33a1c70b17f30
      size: 733780
    outs:
    - path: reports/evaluation_report.json
      hash: md5
      md5: 2195743fd35f12d41318d51ec1c18808
      size: 1813
    - path: reports/roc_curve.png
      hash: md5
      md5: 94787233ab7c77745713786a7c97eb78
      size: 79395
