schema: '2.0'
stages:
  extract_frames:
    cmd: python airflow/scripts/extract_frames.py --fps 2
    deps:
    - path: airflow/scripts/extract_frames.py
      hash: md5
      md5: b0f5bac5bfd777c4b766aa4560d93aee
      size: 8622
    - path: data/raw/
      hash: md5
      md5: da2eca8ed6d82cfc72e9793079c00b73.dir
      size: 15585002944
      nfiles: 24
    params:
      params.yaml:
        frame_extraction.fps: 2
        frame_extraction.output_dir: data/frames
    outs:
    - path: data/frames/
      hash: md5
      md5: c0d8913ad177c9d1fe80b68bdb75d90b.dir
      size: 5514516050
      nfiles: 28842
    - path: reports/extraction_summary.json
      hash: md5
      md5: c21a866d38639b539e0b75157a560d43
      size: 5200
  extract_landmarks:
    cmd: python airflow/scripts/extract_landmarks.py
    deps:
    - path: airflow/scripts/extract_landmarks.py
      hash: md5
      md5: 9d8b638efb5df455a6c5affee853611e
      size: 10127
    - path: data/frames/
      hash: md5
      md5: c0d8913ad177c9d1fe80b68bdb75d90b.dir
      size: 5514516050
      nfiles: 28842
    params:
      params.yaml:
        mediapipe.min_detection_confidence: 0.5
        mediapipe.min_tracking_confidence: 0.5
    outs:
    - path: data/landmarks/landmarks.csv
      hash: md5
      md5: 737341634ce430f35c166aaff8ed76d2
      size: 776211816
    - path: reports/landmark_summary.json
      hash: md5
      md5: df8371f203400d291045118d294743c5
      size: 408
  feature_engineering:
    cmd: python airflow/scripts/feature_engineering.py --window-size 2
    deps:
    - path: airflow/scripts/feature_engineering.py
      hash: md5
      md5: 704369390986219aea65a56107844f15
      size: 18795
    - path: data/landmarks/landmarks.csv
      hash: md5
      md5: 737341634ce430f35c166aaff8ed76d2
      size: 776211816
    params:
      params.yaml:
        features.ear_threshold: 0.25
        features.mar_threshold: 0.6
        features.sliding_window_size: 2
    outs:
    - path: data/features/baseline.json
      hash: md5
      md5: 836690ae2662eb705d7a16ce8569eb8d
      size: 9589
    - path: data/features/features.csv
      hash: md5
      md5: 03299e088abf5a42e426da290c46b0f2
      size: 3205906
    - path: reports/feature_engineering_summary.json
      hash: md5
      md5: e5cb155ebdfb61d5fb36c0352b8dc8f3
      size: 362
  split_data:
    cmd: python airflow/scripts/split_data.py
    deps:
    - path: airflow/scripts/split_data.py
      hash: md5
      md5: 2e2c2a1ef12bdedf2cb1b9e4ffe8aac7
      size: 3455
    - path: data/features/features.csv
      hash: md5
      md5: 03299e088abf5a42e426da290c46b0f2
      size: 3205906
    params:
      params.yaml:
        split.random_state: 42
        split.test_size: 0.2
    outs:
    - path: data/processed/test.csv
      hash: md5
      md5: 3ceda9b7f281b436f09d57ad5b4bfbb6
      size: 602063
    - path: data/processed/train.csv
      hash: md5
      md5: 0b95a2c72a44b395703e1ec936e5234a
      size: 2409046
    - path: reports/split_summary.json
      hash: md5
      md5: cd72303634d931818c141f5c234bde2c
      size: 237
  train_xgboost:
    cmd: python model_server/train_xgboost.py
    deps:
    - path: data/processed/train.csv
      hash: md5
      md5: 0b95a2c72a44b395703e1ec936e5234a
      size: 2409046
    - path: model_server/train_xgboost.py
      hash: md5
      md5: 5a483a23ce6d8908732b08cfb9306d42
      size: 17802
    params:
      params.yaml:
        xgboost.colsample_bytree: 0.8
        xgboost.learning_rate: 0.1
        xgboost.max_depth: 6
        xgboost.n_estimators: 200
        xgboost.subsample: 0.8
    outs:
    - path: models/xgboost_model.pkl
      hash: md5
      md5: b89f845ff2be1e69e091ed8e01b1c53a
      size: 679022
    - path: reports/confusion_matrix_xgb.png
      hash: md5
      md5: 92da53fad6c72d67488ccf7f472c6890
      size: 40449
    - path: reports/feature_importance_xgb.png
      hash: md5
      md5: a3700939e087f55c4a897a999696b83f
      size: 55892
    - path: reports/xgboost_metrics.json
      hash: md5
      md5: 033cde9b2fc09df225897f73465c2a23
      size: 437
  train_svm:
    cmd: python model_server/train_svm.py
    deps:
    - path: data/processed/train.csv
      hash: md5
      md5: 0b95a2c72a44b395703e1ec936e5234a
      size: 2409046
    - path: model_server/train_svm.py
      hash: md5
      md5: 2184457ffbc44faaf127a651079363ae
      size: 13143
    params:
      params.yaml:
        svm.C: 1.0
        svm.gamma: scale
        svm.kernel: rbf
    outs:
    - path: models/svm_model.pkl
      hash: md5
      md5: dab1009b790801e7d592be34f78f5bf9
      size: 1077165
    - path: reports/confusion_matrix_svm.png
      hash: md5
      md5: c58d941f29648816a4e89e67207a6f95
      size: 39289
    - path: reports/svm_metrics.json
      hash: md5
      md5: 2e8e5df34561cdf9b91ee00619cd5044
      size: 430
  evaluate:
    cmd: python model_server/evaluate.py
    deps:
    - path: data/processed/test.csv
      hash: md5
      md5: 3ceda9b7f281b436f09d57ad5b4bfbb6
      size: 602063
    - path: model_server/evaluate.py
      hash: md5
      md5: bdff0821dacff2c53a04bb5434ec9cf7
      size: 15887
    - path: models/svm_model.pkl
      hash: md5
      md5: dab1009b790801e7d592be34f78f5bf9
      size: 1077165
    - path: models/xgboost_model.pkl
      hash: md5
      md5: b89f845ff2be1e69e091ed8e01b1c53a
      size: 679022
    outs:
    - path: reports/evaluation_report.json
      hash: md5
      md5: ea4e0e228a347e2e027c12cee29b066e
      size: 1819
    - path: reports/roc_curve.png
      hash: md5
      md5: 9b7f5623600903a05f4f014cb7220a8a
      size: 82411
